// !$*UTF8*$!
{
	archiveVersion = 1;
	classes = {
	};
	objectVersion = 56;
	objects = {

/* Begin PBXBuildFile section */
		AA0000000000000000000020 /* AccountabiliBuddyiOS/AccountabiliBuddyApp.swift in Sources */ = {isa = PBXBuildFile; fileRef = AA0000000000000000000010 /* AccountabiliBuddyiOS/AccountabiliBuddyApp.swift */; };
		AA0000000000000000000021 /* AccountabiliBuddyiOS/ContentView.swift in Sources */ = {isa = PBXBuildFile; fileRef = AA0000000000000000000011 /* AccountabiliBuddyiOS/ContentView.swift */; };
		AA0000000000000000000022 /* AccountabiliBuddyMessages/MessagesViewController.swift in Sources */ = {isa = PBXBuildFile; fileRef = AA0000000000000000000013 /* AccountabiliBuddyMessages/MessagesViewController.swift */; };
		AA0000000000000000000023 /* AccountabiliBuddyMessages/BetModels.swift in Sources */ = {isa = PBXBuildFile; fileRef = AA0000000000000000000014 /* AccountabiliBuddyMessages/BetModels.swift */; };
		AA0000000000000000000024 /* AccountabiliBuddyMessages/RelayerClient.swift in Sources */ = {isa = PBXBuildFile; fileRef = AA0000000000000000000015 /* AccountabiliBuddyMessages/RelayerClient.swift */; };
		AA0000000000000000000025 /* AccountabiliBuddyMessages/BetMessageViewModel.swift in Sources */ = {isa = PBXBuildFile; fileRef = AA0000000000000000000016 /* AccountabiliBuddyMessages/BetMessageViewModel.swift */; };
		AA0000000000000000000026 /* AccountabiliBuddyMessages/BetMessageRootView.swift in Sources */ = {isa = PBXBuildFile; fileRef = AA0000000000000000000017 /* AccountabiliBuddyMessages/BetMessageRootView.swift */; };
		AA0000000000000000000027 /* AccountabiliBuddyMessages.appex in Embed App Extensions */ = {isa = PBXBuildFile; fileRef = AA000000000000000000001A /* AccountabiliBuddyMessages.appex */; settings = {ATTRIBUTES = (RemoveHeadersOnCopy, ); }; };
/* End PBXBuildFile section */

/* Begin PBXContainerItemProxy section */
		AA0000000000000000000042 /* PBXContainerItemProxy */ = {
			isa = PBXContainerItemProxy;
			containerPortal = AA0000000000000000000001 /* Project object */;
			proxyType = 1;
			remoteGlobalIDString = AA0000000000000000000041;
			remoteInfo = AccountabiliBuddyMessages;
		};
/* End PBXContainerItemProxy section */

/* Begin PBXCopyFilesBuildPhase section */
		AA0000000000000000000033 /* Embed App Extensions */ = {
			isa = PBXCopyFilesBuildPhase;
			buildActionMask = 2147483647;
			dstPath = "";
			dstSubfolderSpec = 13;
			files = (
				AA0000000000000000000027 /* AccountabiliBuddyMessages.appex in Embed App Extensions */,
			);
			name = "Embed App Extensions";
			runOnlyForDeploymentPostprocessing = 0;
		};
/* End PBXCopyFilesBuildPhase section */

/* Begin PBXFileReference section */
		AA0000000000000000000010 /* AccountabiliBuddyiOS/AccountabiliBuddyApp.swift */ = {isa = PBXFileReference; lastKnownFileType = sourcecode.swift; path = AccountabiliBuddyiOS/AccountabiliBuddyApp.swift; sourceTree = "<group>"; };
		AA0000000000000000000011 /* AccountabiliBuddyiOS/ContentView.swift */ = {isa = PBXFileReference; lastKnownFileType = sourcecode.swift; path = AccountabiliBuddyiOS/ContentView.swift; sourceTree = "<group>"; };
		AA0000000000000000000012 /* AccountabiliBuddyiOS/Info.plist */ = {isa = PBXFileReference; lastKnownFileType = text.plist.xml; path = AccountabiliBuddyiOS/Info.plist; sourceTree = "<group>"; };
		AA0000000000000000000013 /* AccountabiliBuddyMessages/MessagesViewController.swift */ = {isa = PBXFileReference; lastKnownFileType = sourcecode.swift; path = AccountabiliBuddyMessages/MessagesViewController.swift; sourceTree = "<group>"; };
		AA0000000000000000000014 /* AccountabiliBuddyMessages/BetModels.swift */ = {isa = PBXFileReference; lastKnownFileType = sourcecode.swift; path = AccountabiliBuddyMessages/BetModels.swift; sourceTree = "<group>"; };
		AA0000000000000000000015 /* AccountabiliBuddyMessages/RelayerClient.swift */ = {isa = PBXFileReference; lastKnownFileType = sourcecode.swift; path = AccountabiliBuddyMessages/RelayerClient.swift; sourceTree = "<group>"; };
		AA0000000000000000000016 /* AccountabiliBuddyMessages/BetMessageViewModel.swift */ = {isa = PBXFileReference; lastKnownFileType = sourcecode.swift; path = AccountabiliBuddyMessages/BetMessageViewModel.swift; sourceTree = "<group>"; };
		AA0000000000000000000017 /* AccountabiliBuddyMessages/BetMessageRootView.swift */ = {isa = PBXFileReference; lastKnownFileType = sourcecode.swift; path = AccountabiliBuddyMessages/BetMessageRootView.swift; sourceTree = "<group>"; };
		AA0000000000000000000018 /* AccountabiliBuddyMessages/Info.plist */ = {isa = PBXFileReference; lastKnownFileType = text.plist.xml; path = AccountabiliBuddyMessages/Info.plist; sourceTree = "<group>"; };
		AA0000000000000000000019 /* AccountabiliBuddy.app */ = {isa = PBXFileReference; explicitFileType = wrapper.application; includeInIndex = 0; path = AccountabiliBuddy.app; sourceTree = BUILT_PRODUCTS_DIR; };
		AA000000000000000000001A /* AccountabiliBuddyMessages.appex */ = {isa = PBXFileReference; explicitFileType = "wrapper.app-extension"; includeInIndex = 0; path = AccountabiliBuddyMessages.appex; sourceTree = BUILT_PRODUCTS_DIR; };
/* End PBXFileReference section */

/* Begin PBXFrameworksBuildPhase section */
		AA0000000000000000000031 /* Frameworks */ = {
			isa = PBXFrameworksBuildPhase;
			buildActionMask = 2147483647;
			files = (
			);
			runOnlyForDeploymentPostprocessing = 0;
		};
		AA0000000000000000000035 /* Frameworks */ = {
			isa = PBXFrameworksBuildPhase;
			buildActionMask = 2147483647;
			files = (
			);
			runOnlyForDeploymentPostprocessing = 0;
		};
/* End PBXFrameworksBuildPhase section */

/* Begin PBXGroup section */
		AA0000000000000000000002 = {
			isa = PBXGroup;
			children = (
				AA0000000000000000000004 /* AccountabiliBuddyiOS */,
				AA0000000000000000000005 /* AccountabiliBuddyMessages */,
				AA0000000000000000000003 /* Products */,
			);
			sourceTree = "<group>";
		};
		AA0000000000000000000003 /* Products */ = {
			isa = PBXGroup;
			children = (
				AA0000000000000000000019 /* AccountabiliBuddy.app */,
				AA000000000000000000001A /* AccountabiliBuddyMessages.appex */,
			);
			name = Products;
			sourceTree = "<group>";
		};
		AA0000000000000000000004 /* AccountabiliBuddyiOS */ = {
			isa = PBXGroup;
			children = (
				AA0000000000000000000010 /* AccountabiliBuddyiOS/AccountabiliBuddyApp.swift */,
				AA0000000000000000000011 /* AccountabiliBuddyiOS/ContentView.swift */,
				AA0000000000000000000012 /* AccountabiliBuddyiOS/Info.plist */,
			);
			name = AccountabiliBuddyiOS;
			sourceTree = "<group>";
		};
		AA0000000000000000000005 /* AccountabiliBuddyMessages */ = {
			isa = PBXGroup;
			children = (
				AA0000000000000000000013 /* AccountabiliBuddyMessages/MessagesViewController.swift */,
				AA0000000000000000000014 /* AccountabiliBuddyMessages/BetModels.swift */,
				AA0000000000000000000015 /* AccountabiliBuddyMessages/RelayerClient.swift */,
				AA0000000000000000000016 /* AccountabiliBuddyMessages/BetMessageViewModel.swift */,
				AA0000000000000000000017 /* AccountabiliBuddyMessages/BetMessageRootView.swift */,
				AA0000000000000000000018 /* AccountabiliBuddyMessages/Info.plist */,
			);
			name = AccountabiliBuddyMessages;
			sourceTree = "<group>";
		};
/* End PBXGroup section */

/* Begin PBXNativeTarget section */
		AA0000000000000000000040 /* AccountabiliBuddy */ = {
			isa = PBXNativeTarget;
			buildConfigurationList = AA0000000000000000000061 /* Build configuration list for PBXNativeTarget "AccountabiliBuddy" */;
			buildPhases = (
				AA0000000000000000000030 /* Sources */,
				AA0000000000000000000031 /* Frameworks */,
				AA0000000000000000000032 /* Resources */,
				AA0000000000000000000033 /* Embed App Extensions */,
			);
			buildRules = (
			);
			dependencies = (
				AA0000000000000000000043 /* PBXTargetDependency */,
			);
			name = AccountabiliBuddy;
			productName = AccountabiliBuddy;
			productReference = AA0000000000000000000019 /* AccountabiliBuddy.app */;
			productType = "com.apple.product-type.application";
		};
		AA0000000000000000000041 /* AccountabiliBuddyMessages */ = {
			isa = PBXNativeTarget;
			buildConfigurationList = AA0000000000000000000062 /* Build configuration list for PBXNativeTarget "AccountabiliBuddyMessages" */;
			buildPhases = (
				AA0000000000000000000034 /* Sources */,
				AA0000000000000000000035 /* Frameworks */,
				AA0000000000000000000036 /* Resources */,
			);
			buildRules = (
			);
			dependencies = (
			);
			name = AccountabiliBuddyMessages;
			productName = AccountabiliBuddyMessages;
			productReference = AA000000000000000000001A /* AccountabiliBuddyMessages.appex */;
			productType = "com.apple.product-type.app-extension";
		};
/* End PBXNativeTarget section */

/* Begin PBXProject section */
		AA0000000000000000000001 /* Project object */ = {
			isa = PBXProject;
			attributes = {
				LastUpgradeCheck = 1600;
				TargetAttributes = {
					AA0000000000000000000040 = {
						CreatedOnToolsVersion = 16.0;
					};
					AA0000000000000000000041 = {
						CreatedOnToolsVersion = 16.0;
					};
				};
			};
			buildConfigurationList = AA0000000000000000000060 /* Build configuration list for PBXProject "AccountabiliBuddy" */;
			compatibilityVersion = "Xcode 14.0";
			developmentRegion = en;
			hasScannedForEncodings = 0;
			knownRegions = (
				en,
				Base,
			);
			mainGroup = AA0000000000000000000002;
			productRefGroup = AA0000000000000000000003 /* Products */;
			projectDirPath = "";
			projectRoot = "";
			targets = (
				AA0000000000000000000040 /* AccountabiliBuddy */,
				AA0000000000000000000041 /* AccountabiliBuddyMessages */,
			);
		};
/* End PBXProject section */

/* Begin PBXResourcesBuildPhase section */
		AA0000000000000000000032 /* Resources */ = {
			isa = PBXResourcesBuildPhase;
			buildActionMask = 2147483647;
			files = (
			);
			runOnlyForDeploymentPostprocessing = 0;
		};
		AA0000000000000000000036 /* Resources */ = {
			isa = PBXResourcesBuildPhase;
			buildActionMask = 2147483647;
			files = (
			);
			runOnlyForDeploymentPostprocessing = 0;
		};
/* End PBXResourcesBuildPhase section */

/* Begin PBXSourcesBuildPhase section */
		AA0000000000000000000030 /* Sources */ = {
			isa = PBXSourcesBuildPhase;
			buildActionMask = 2147483647;
			files = (
				AA0000000000000000000020 /* AccountabiliBuddyiOS/AccountabiliBuddyApp.swift in Sources */,
				AA0000000000000000000021 /* AccountabiliBuddyiOS/ContentView.swift in Sources */,
			);
			runOnlyForDeploymentPostprocessing = 0;
		};
		AA0000000000000000000034 /* Sources */ = {
			isa = PBXSourcesBuildPhase;
			buildActionMask = 2147483647;
			files = (
				AA0000000000000000000022 /* AccountabiliBuddyMessages/MessagesViewController.swift in Sources */,
				AA0000000000000000000023 /* AccountabiliBuddyMessages/BetModels.swift in Sources */,
				AA0000000000000000000024 /* AccountabiliBuddyMessages/RelayerClient.swift in Sources */,
				AA0000000000000000000025 /* AccountabiliBuddyMessages/BetMessageViewModel.swift in Sources */,
				AA0000000000000000000026 /* AccountabiliBuddyMessages/BetMessageRootView.swift in Sources */,
			);
			runOnlyForDeploymentPostprocessing = 0;
		};
/* End PBXSourcesBuildPhase section */

/* Begin PBXTargetDependency section */
		AA0000000000000000000043 /* PBXTargetDependency */ = {
			isa = PBXTargetDependency;
			target = AA0000000000000000000041 /* AccountabiliBuddyMessages */;
			targetProxy = AA0000000000000000000042 /* PBXContainerItemProxy */;
		};
/* End PBXTargetDependency section */

/* Begin XCBuildConfiguration section */
		AA0000000000000000000050 /* Debug */ = {
			isa = XCBuildConfiguration;
			buildSettings = {
				CLANG_ENABLE_MODULES = YES;
				SWIFT_VERSION = 5.0;
			};
			name = Debug;
		};
		AA0000000000000000000051 /* Release */ = {
			isa = XCBuildConfiguration;
			buildSettings = {
				CLANG_ENABLE_MODULES = YES;
				SWIFT_VERSION = 5.0;
			};
			name = Release;
		};
		AA0000000000000000000052 /* Debug */ = {
			isa = XCBuildConfiguration;
			buildSettings = {
				CODE_SIGNING_ALLOWED = YES;
				CODE_SIGNING_REQUIRED = YES;
				CURRENT_PROJECT_VERSION = 1;
				CODE_SIGN_STYLE = Automatic;
					DEVELOPMENT_TEAM = 772P6G5MXC;
				GENERATE_INFOPLIST_FILE = NO;
				INFOPLIST_FILE = AccountabiliBuddyiOS/Info.plist;
				IPHONEOS_DEPLOYMENT_TARGET = 16.0;
				LD_RUNPATH_SEARCH_PATHS = (
					"$(inherited)",
					"@executable_path/Frameworks",
				);
				MARKETING_VERSION = 1.0;
				PRODUCT_BUNDLE_IDENTIFIER = com.accountabilibuddy.ios;
				PRODUCT_NAME = "$(TARGET_NAME)";
				SDKROOT = iphoneos;
				SWIFT_VERSION = 5.0;
				TARGETED_DEVICE_FAMILY = "1,2";
			};
			name = Debug;
		};
		AA0000000000000000000053 /* Release */ = {
			isa = XCBuildConfiguration;
			buildSettings = {
				CODE_SIGNING_ALLOWED = YES;
				CODE_SIGNING_REQUIRED = YES;
				CURRENT_PROJECT_VERSION = 1;
				CODE_SIGN_STYLE = Automatic;
					DEVELOPMENT_TEAM = 772P6G5MXC;
				GENERATE_INFOPLIST_FILE = NO;
				INFOPLIST_FILE = AccountabiliBuddyiOS/Info.plist;
				IPHONEOS_DEPLOYMENT_TARGET = 16.0;
				LD_RUNPATH_SEARCH_PATHS = (
					"$(inherited)",
					"@executable_path/Frameworks",
				);
				MARKETING_VERSION = 1.0;
				PRODUCT_BUNDLE_IDENTIFIER = com.accountabilibuddy.ios;
				PRODUCT_NAME = "$(TARGET_NAME)";
				SDKROOT = iphoneos;
				SWIFT_VERSION = 5.0;
				TARGETED_DEVICE_FAMILY = "1,2";
			};
			name = Release;
		};
		AA0000000000000000000054 /* Debug */ = {
			isa = XCBuildConfiguration;
			buildSettings = {
				APPLICATION_EXTENSION_API_ONLY = YES;
					CODE_SIGN_STYLE = Automatic;
					DEVELOPMENT_TEAM = 772P6G5MXC;
				CODE_SIGNING_ALLOWED = YES;
				CODE_SIGNING_REQUIRED = YES;
				CURRENT_PROJECT_VERSION = 1;
				GENERATE_INFOPLIST_FILE = NO;
				INFOPLIST_FILE = AccountabiliBuddyMessages/Info.plist;
				IPHONEOS_DEPLOYMENT_TARGET = 16.0;
				LD_RUNPATH_SEARCH_PATHS = (
					"$(inherited)",
					"@executable_path/Frameworks",
					"@executable_path/../../Frameworks",
				);
				MARKETING_VERSION = 1.0;
				PRODUCT_BUNDLE_IDENTIFIER = com.accountabilibuddy.ios.messages;
				PRODUCT_NAME = "$(TARGET_NAME)";
				SDKROOT = iphoneos;
				SKIP_INSTALL = YES;
				SWIFT_VERSION = 5.0;
				TARGETED_DEVICE_FAMILY = "1,2";
			};
			name = Debug;
		};
		AA0000000000000000000055 /* Release */ = {
			isa = XCBuildConfiguration;
			buildSettings = {
				APPLICATION_EXTENSION_API_ONLY = YES;
					CODE_SIGN_STYLE = Automatic;
					DEVELOPMENT_TEAM = 772P6G5MXC;
				CODE_SIGNING_ALLOWED = YES;
				CODE_SIGNING_REQUIRED = YES;
				CURRENT_PROJECT_VERSION = 1;
				GENERATE_INFOPLIST_FILE = NO;
				INFOPLIST_FILE = AccountabiliBuddyMessages/Info.plist;
				IPHONEOS_DEPLOYMENT_TARGET = 16.0;
				LD_RUNPATH_SEARCH_PATHS = (
					"$(inherited)",
					"@executable_path/Frameworks",
					"@executable_path/../../Frameworks",
				);
				MARKETING_VERSION = 1.0;
				PRODUCT_BUNDLE_IDENTIFIER = com.accountabilibuddy.ios.messages;
				PRODUCT_NAME = "$(TARGET_NAME)";
				SDKROOT = iphoneos;
				SKIP_INSTALL = YES;
				SWIFT_VERSION = 5.0;
				TARGETED_DEVICE_FAMILY = "1,2";
			};
			name = Release;
		};
/* End XCBuildConfiguration section */

/* Begin XCConfigurationList section */
		AA0000000000000000000060 /* Build configuration list for PBXProject "AccountabiliBuddy" */ = {
			isa = XCConfigurationList;
			buildConfigurations = (
				AA0000000000000000000050 /* Debug */,
				AA0000000000000000000051 /* Release */,
			);
			defaultConfigurationIsVisible = 0;
			defaultConfigurationName = Release;
		};
		AA0000000000000000000061 /* Build configuration list for PBXNativeTarget "AccountabiliBuddy" */ = {
			isa = XCConfigurationList;
			buildConfigurations = (
				AA0000000000000000000052 /* Debug */,
				AA0000000000000000000053 /* Release */,
			);
			defaultConfigurationIsVisible = 0;
			defaultConfigurationName = Release;
		};
		AA0000000000000000000062 /* Build configuration list for PBXNativeTarget "AccountabiliBuddyMessages" */ = {
			isa = XCConfigurationList;
			buildConfigurations = (
				AA0000000000000000000054 /* Debug */,
				AA0000000000000000000055 /* Release */,
			);
			defaultConfigurationIsVisible = 0;
			defaultConfigurationName = Release;
		};
/* End XCConfigurationList section */
	};
	rootObject = AA0000000000000000000001 /* Project object */;
}
